
Microsoft Visual Studio Solution File, Format Version 12.00
# Visual Studio Version 17
VisualStudioVersion = 17.5.002.0
MinimumVisualStudioVersion = 10.0.40219.1
Project("{9A19103F-16F7-4668-BE54-9A1E7A4F7556}") = "RPAChanllengeSolve", "RPAChanllengeSolve.csproj", "{BBC27956-9648-4905-AC82-4B31F294F0BF}"
EndProject
Global
	GlobalSection(SolutionConfigurationPlatforms) = preSolution
		Debug|Any CPU = Debug|Any CPU
		Release|Any CPU = Release|Any CPU
	EndGlobalSection
	GlobalSection(ProjectConfigurationPlatforms) = postSolution
		{BBC27956-9648-4905-AC82-4B31F294F0BF}.Debug|Any CPU.ActiveCfg = Debug|Any CPU
		{BBC27956-9648-4905-AC82-4B31F294F0BF}.Debug|Any CPU.Build.0 = Debug|Any CPU
		{BBC27956-9648-4905-AC82-4B31F294F0BF}.Release|Any CPU.ActiveCfg = Release|Any CPU
		{BBC27956-9648-4905-AC82-4B31F294F0BF}.Release|Any CPU.Build.0 = Release|Any CPU
	EndGlobalSection
	GlobalSection(SolutionProperties) = preSolution
		HideSolutionNode = FALSE
	EndGlobalSection
	GlobalSection(ExtensibilityGlobals) = postSolution
		SolutionGuid = {E03DF807-A875-4E19-B706-8529E5254F3B}
	EndGlobalSection
EndGlobal
